
Microsoft Visual Studio Solution File, Format Version 12.00
# Visual Studio Version 16
VisualStudioVersion = 16.0.29926.136
MinimumVisualStudioVersion = 10.0.40219.1
Project("{2150E333-8FDC-42A3-9474-1A3956D46DE8}") = "src", "src", "{4737CF7B-6912-491E-8BBF-6AEA74663356}"
EndProject
Project("{FAE04EC0-301F-11D3-BF4B-00C04F79EFBC}") = "Bun.Lab.Client", "src\Bun.Lab.Client\Bun.Lab.Client.csproj", "{C81ED00B-9263-4B2F-B061-4B8D315A63F2}"
EndProject
Global
	GlobalSection(SolutionConfigurationPlatforms) = preSolution
		Debug|Any CPU = Debug|Any CPU
		Release|Any CPU = Release|Any CPU
	EndGlobalSection
	GlobalSection(ProjectConfigurationPlatforms) = postSolution
		{C81ED00B-9263-4B2F-B061-4B8D315A63F2}.Debug|Any CPU.ActiveCfg = Debug|Any CPU
		{C81ED00B-9263-4B2F-B061-4B8D315A63F2}.Debug|Any CPU.Build.0 = Debug|Any CPU
		{C81ED00B-9263-4B2F-B061-4B8D315A63F2}.Release|Any CPU.ActiveCfg = Release|Any CPU
		{C81ED00B-9263-4B2F-B061-4B8D315A63F2}.Release|Any CPU.Build.0 = Release|Any CPU
	EndGlobalSection
	GlobalSection(SolutionProperties) = preSolution
		HideSolutionNode = FALSE
	EndGlobalSection
	GlobalSection(NestedProjects) = preSolution
		{C81ED00B-9263-4B2F-B061-4B8D315A63F2} = {4737CF7B-6912-491E-8BBF-6AEA74663356}
	EndGlobalSection
	GlobalSection(ExtensibilityGlobals) = postSolution
		SolutionGuid = {7DE4D0A0-AF27-4814-B2AC-23A7508D1580}
	EndGlobalSection
EndGlobal
